
Microsoft Visual Studio Solution File, Format Version 12.00
# Visual Studio Version 17
VisualStudioVersion = 17.8.34322.80
MinimumVisualStudioVersion = 10.0.40219.1
Project("{9A19103F-16F7-4668-BE54-9A1E7A4F7556}") = "BudgetHelper", "BudgetHelper\BudgetHelper.csproj", "{DAB1101F-914F-4544-8E14-DEEE1A52F68E}"
EndProject
Project("{9A19103F-16F7-4668-BE54-9A1E7A4F7556}") = "BudgetHelper.Infrastructure", "BudgetHelper.Infrastructure\BudgetHelper.Infrastructure.csproj", "{72B70F2E-4E44-47B3-AD6E-7CD0E87626C1}"
EndProject
Global
	GlobalSection(SolutionConfigurationPlatforms) = preSolution
		Debug|Any CPU = Debug|Any CPU
		Release|Any CPU = Release|Any CPU
	EndGlobalSection
	GlobalSection(ProjectConfigurationPlatforms) = postSolution
		{DAB1101F-914F-4544-8E14-DEEE1A52F68E}.Debug|Any CPU.ActiveCfg = Debug|Any CPU
		{DAB1101F-914F-4544-8E14-DEEE1A52F68E}.Debug|Any CPU.Build.0 = Debug|Any CPU
		{DAB1101F-914F-4544-8E14-DEEE1A52F68E}.Debug|Any CPU.Deploy.0 = Debug|Any CPU
		{DAB1101F-914F-4544-8E14-DEEE1A52F68E}.Release|Any CPU.ActiveCfg = Release|Any CPU
		{DAB1101F-914F-4544-8E14-DEEE1A52F68E}.Release|Any CPU.Build.0 = Release|Any CPU
		{DAB1101F-914F-4544-8E14-DEEE1A52F68E}.Release|Any CPU.Deploy.0 = Release|Any CPU
		{72B70F2E-4E44-47B3-AD6E-7CD0E87626C1}.Debug|Any CPU.ActiveCfg = Debug|Any CPU
		{72B70F2E-4E44-47B3-AD6E-7CD0E87626C1}.Debug|Any CPU.Build.0 = Debug|Any CPU
		{72B70F2E-4E44-47B3-AD6E-7CD0E87626C1}.Release|Any CPU.ActiveCfg = Release|Any CPU
		{72B70F2E-4E44-47B3-AD6E-7CD0E87626C1}.Release|Any CPU.Build.0 = Release|Any CPU
	EndGlobalSection
	GlobalSection(SolutionProperties) = preSolution
		HideSolutionNode = FALSE
	EndGlobalSection
	GlobalSection(ExtensibilityGlobals) = postSolution
		SolutionGuid = {CB56844E-9E3B-485D-A43E-9617438AB1F9}
	EndGlobalSection
EndGlobal
